// !$*UTF8*$!
{
	archiveVersion = 1;
	classes = {
	};
	objectVersion = 50;
	objects = {

/* Begin PBXBuildFile section */
		066D39682430990F00253DB4 /* AppDelegate.m in Sources */ = {isa = PBXBuildFile; fileRef = 066D39672430990F00253DB4 /* AppDelegate.m */; };
		066D396B2430990F00253DB4 /* SceneDelegate.m in Sources */ = {isa = PBXBuildFile; fileRef = 066D396A2430990F00253DB4 /* SceneDelegate.m */; };
		066D396E2430990F00253DB4 /* ViewController.m in Sources */ = {isa = PBXBuildFile; fileRef = 066D396D2430990F00253DB4 /* ViewController.m */; };
		066D39712430990F00253DB4 /* Main.storyboard in Resources */ = {isa = PBXBuildFile; fileRef = 066D396F2430990F00253DB4 /* Main.storyboard */; };
		066D39732430991200253DB4 /* Assets.xcassets in Resources */ = {isa = PBXBuildFile; fileRef = 066D39722430991200253DB4 /* Assets.xcassets */; };
		066D39762430991200253DB4 /* LaunchScreen.storyboard in Resources */ = {isa = PBXBuildFile; fileRef = 066D39742430991200253DB4 /* LaunchScreen.storyboard */; };
		066D39792430991200253DB4 /* main.m in Sources */ = {isa = PBXBuildFile; fileRef = 066D39782430991200253DB4 /* main.m */; };
		066D39862430996000253DB4 /* Settings.bundle in Resources */ = {isa = PBXBuildFile; fileRef = 066D39812430996000253DB4 /* Settings.bundle */; };
		066D39872430996000253DB4 /* BWConstant.m in Sources */ = {isa = PBXBuildFile; fileRef = 066D39842430996000253DB4 /* BWConstant.m */; };
/* End PBXBuildFile section */

/* Begin PBXFileReference section */
		066D39632430990F00253DB4 /* BWSwitchServer.app */ = {isa = PBXFileReference; explicitFileType = wrapper.application; includeInIndex = 0; path = BWSwitchServer.app; sourceTree = BUILT_PRODUCTS_DIR; };
		066D39662430990F00253DB4 /* AppDelegate.h */ = {isa = PBXFileReference; lastKnownFileType = sourcecode.c.h; path = AppDelegate.h; sourceTree = "<group>"; };
		066D39672430990F00253DB4 /* AppDelegate.m */ = {isa = PBXFileReference; lastKnownFileType = sourcecode.c.objc; path = AppDelegate.m; sourceTree = "<group>"; };
		066D39692430990F00253DB4 /* SceneDelegate.h */ = {isa = PBXFileReference; lastKnownFileType = sourcecode.c.h; path = SceneDelegate.h; sourceTree = "<group>"; };
		066D396A2430990F00253DB4 /* SceneDelegate.m */ = {isa = PBXFileReference; lastKnownFileType = sourcecode.c.objc; path = SceneDelegate.m; sourceTree = "<group>"; };
		066D396C2430990F00253DB4 /* ViewController.h */ = {isa = PBXFileReference; lastKnownFileType = sourcecode.c.h; path = ViewController.h; sourceTree = "<group>"; };
		066D396D2430990F00253DB4 /* ViewController.m */ = {isa = PBXFileReference; lastKnownFileType = sourcecode.c.objc; path = ViewController.m; sourceTree = "<group>"; };
		066D39702430990F00253DB4 /* Base */ = {isa = PBXFileReference; lastKnownFileType = file.storyboard; name = Base; path = Base.lproj/Main.storyboard; sourceTree = "<group>"; };
		066D39722430991200253DB4 /* Assets.xcassets */ = {isa = PBXFileReference; lastKnownFileType = folder.assetcatalog; path = Assets.xcassets; sourceTree = "<group>"; };
		066D39752430991200253DB4 /* Base */ = {isa = PBXFileReference; lastKnownFileType = file.storyboard; name = Base; path = Base.lproj/LaunchScreen.storyboard; sourceTree = "<group>"; };
		066D39772430991200253DB4 /* Info.plist */ = {isa = PBXFileReference; lastKnownFileType = text.plist.xml; path = Info.plist; sourceTree = "<group>"; };
		066D39782430991200253DB4 /* main.m */ = {isa = PBXFileReference; lastKnownFileType = sourcecode.c.objc; path = main.m; sourceTree = "<group>"; };
		066D39812430996000253DB4 /* Settings.bundle */ = {isa = PBXFileReference; lastKnownFileType = "wrapper.plug-in"; path = Settings.bundle; sourceTree = "<group>"; };
		066D39822430996000253DB4 /* Common.h */ = {isa = PBXFileReference; fileEncoding = 4; lastKnownFileType = sourcecode.c.h; path = Common.h; sourceTree = "<group>"; };
		066D39842430996000253DB4 /* BWConstant.m */ = {isa = PBXFileReference; fileEncoding = 4; lastKnownFileType = sourcecode.c.objc; path = BWConstant.m; sourceTree = "<group>"; };
		066D39852430996000253DB4 /* BWConstant.h */ = {isa = PBXFileReference; fileEncoding = 4; lastKnownFileType = sourcecode.c.h; path = BWConstant.h; sourceTree = "<group>"; };
/* End PBXFileReference section */

/* Begin PBXFrameworksBuildPhase section */
		066D39602430990F00253DB4 /* Frameworks */ = {
			isa = PBXFrameworksBuildPhase;
			buildActionMask = 2147483647;
			files = (
			);
			runOnlyForDeploymentPostprocessing = 0;
		};
/* End PBXFrameworksBuildPhase section */

/* Begin PBXGroup section */
		066D395A2430990F00253DB4 = {
			isa = PBXGroup;
			children = (
				066D39652430990F00253DB4 /* BWSwitchServer */,
				066D39642430990F00253DB4 /* Products */,
			);
			sourceTree = "<group>";
		};
		066D39642430990F00253DB4 /* Products */ = {
			isa = PBXGroup;
			children = (
				066D39632430990F00253DB4 /* BWSwitchServer.app */,
			);
			name = Products;
			sourceTree = "<group>";
		};
		066D39652430990F00253DB4 /* BWSwitchServer */ = {
			isa = PBXGroup;
			children = (
				066D39662430990F00253DB4 /* AppDelegate.h */,
				066D39672430990F00253DB4 /* AppDelegate.m */,
				066D39692430990F00253DB4 /* SceneDelegate.h */,
				066D396A2430990F00253DB4 /* SceneDelegate.m */,
				066D396C2430990F00253DB4 /* ViewController.h */,
				066D396D2430990F00253DB4 /* ViewController.m */,
				066D396F2430990F00253DB4 /* Main.storyboard */,
				066D39722430991200253DB4 /* Assets.xcassets */,
				066D39742430991200253DB4 /* LaunchScreen.storyboard */,
				066D397F2430996000253DB4 /* Common */,
				066D39772430991200253DB4 /* Info.plist */,
				066D39782430991200253DB4 /* main.m */,
			);
			path = BWSwitchServer;
			sourceTree = "<group>";
		};
		066D397F2430996000253DB4 /* Common */ = {
			isa = PBXGroup;
			children = (
				066D39822430996000253DB4 /* Common.h */,
				066D39832430996000253DB4 /* Constant */,
				066D39802430996000253DB4 /* Settings */,
			);
			path = Common;
			sourceTree = "<group>";
		};
		066D39802430996000253DB4 /* Settings */ = {
			isa = PBXGroup;
			children = (
				066D39812430996000253DB4 /* Settings.bundle */,
			);
			path = Settings;
			sourceTree = "<group>";
		};
		066D39832430996000253DB4 /* Constant */ = {
			isa = PBXGroup;
			children = (
				066D39852430996000253DB4 /* BWConstant.h */,
				066D39842430996000253DB4 /* BWConstant.m */,
			);
			path = Constant;
			sourceTree = "<group>";
		};
/* End PBXGroup section */

/* Begin PBXNativeTarget section */
		066D39622430990F00253DB4 /* BWSwitchServer */ = {
			isa = PBXNativeTarget;
			buildConfigurationList = 066D397C2430991200253DB4 /* Build configuration list for PBXNativeTarget "BWSwitchServer" */;
			buildPhases = (
				066D395F2430990F00253DB4 /* Sources */,
				066D39602430990F00253DB4 /* Frameworks */,
				066D39612430990F00253DB4 /* Resources */,
			);
			buildRules = (
			);
			dependencies = (
			);
			name = BWSwitchServer;
			productName = BWSwitchServer;
			productReference = 066D39632430990F00253DB4 /* BWSwitchServer.app */;
			productType = "com.apple.product-type.application";
		};
/* End PBXNativeTarget section */

/* Begin PBXProject section */
		066D395B2430990F00253DB4 /* Project object */ = {
			isa = PBXProject;
			attributes = {
				CLASSPREFIX = BW;
				LastUpgradeCheck = 1130;
				ORGANIZATIONNAME = BTStudio;
				TargetAttributes = {
					066D39622430990F00253DB4 = {
						CreatedOnToolsVersion = 11.3.1;
					};
				};
			};
			buildConfigurationList = 066D395E2430990F00253DB4 /* Build configuration list for PBXProject "BWSwitchServer" */;
			compatibilityVersion = "Xcode 9.3";
			developmentRegion = en;
			hasScannedForEncodings = 0;
			knownRegions = (
				en,
				Base,
			);
			mainGroup = 066D395A2430990F00253DB4;
			productRefGroup = 066D39642430990F00253DB4 /* Products */;
			projectDirPath = "";
			projectRoot = "";
			targets = (
				066D39622430990F00253DB4 /* BWSwitchServer */,
			);
		};
/* End PBXProject section */

/* Begin PBXResourcesBuildPhase section */
		066D39612430990F00253DB4 /* Resources */ = {
			isa = PBXResourcesBuildPhase;
			buildActionMask = 2147483647;
			files = (
				066D39862430996000253DB4 /* Settings.bundle in Resources */,
				066D39762430991200253DB4 /* LaunchScreen.storyboard in Resources */,
				066D39732430991200253DB4 /* Assets.xcassets in Resources */,
				066D39712430990F00253DB4 /* Main.storyboard in Resources */,
			);
			runOnlyForDeploymentPostprocessing = 0;
		};
/* End PBXResourcesBuildPhase section */

/* Begin PBXSourcesBuildPhase section */
		066D395F2430990F00253DB4 /* Sources */ = {
			isa = PBXSourcesBuildPhase;
			buildActionMask = 2147483647;
			files = (
				066D39872430996000253DB4 /* BWConstant.m in Sources */,
				066D396E2430990F00253DB4 /* ViewController.m in Sources */,
				066D39682430990F00253DB4 /* AppDelegate.m in Sources */,
				066D39792430991200253DB4 /* main.m in Sources */,
				066D396B2430990F00253DB4 /* SceneDelegate.m in Sources */,
			);
			runOnlyForDeploymentPostprocessing = 0;
		};
/* End PBXSourcesBuildPhase section */

/* Begin PBXVariantGroup section */
		066D396F2430990F00253DB4 /* Main.storyboard */ = {
			isa = PBXVariantGroup;
			children = (
				066D39702430990F00253DB4 /* Base */,
			);
			name = Main.storyboard;
			sourceTree = "<group>";
		};
		066D39742430991200253DB4 /* LaunchScreen.storyboard */ = {
			isa = PBXVariantGroup;
			children = (
				066D39752430991200253DB4 /* Base */,
			);
			name = LaunchScreen.storyboard;
			sourceTree = "<group>";
		};
/* End PBXVariantGroup section */

/* Begin XCBuildConfiguration section */
		066D397A2430991200253DB4 /* Debug */ = {
			isa = XCBuildConfiguration;
			buildSettings = {
				ALWAYS_SEARCH_USER_PATHS = NO;
				CLANG_ANALYZER_NONNULL = YES;
				CLANG_ANALYZER_NUMBER_OBJECT_CONVERSION = YES_AGGRESSIVE;
				CLANG_CXX_LANGUAGE_STANDARD = "gnu++14";
				CLANG_CXX_LIBRARY = "libc++";
				CLANG_ENABLE_MODULES = YES;
				CLANG_ENABLE_OBJC_ARC = YES;
				CLANG_ENABLE_OBJC_WEAK = YES;
				CLANG_WARN_BLOCK_CAPTURE_AUTORELEASING = YES;
				CLANG_WARN_BOOL_CONVERSION = YES;
				CLANG_WARN_COMMA = YES;
				CLANG_WARN_CONSTANT_CONVERSION = YES;
				CLANG_WARN_DEPRECATED_OBJC_IMPLEMENTATIONS = YES;
				CLANG_WARN_DIRECT_OBJC_ISA_USAGE = YES_ERROR;
				CLANG_WARN_DOCUMENTATION_COMMENTS = YES;
				CLANG_WARN_EMPTY_BODY = YES;
				CLANG_WARN_ENUM_CONVERSION = YES;
				CLANG_WARN_INFINITE_RECURSION = YES;
				CLANG_WARN_INT_CONVERSION = YES;
				CLANG_WARN_NON_LITERAL_NULL_CONVERSION = YES;
				CLANG_WARN_OBJC_IMPLICIT_RETAIN_SELF = YES;
				CLANG_WARN_OBJC_LITERAL_CONVERSION = YES;
				CLANG_WARN_OBJC_ROOT_CLASS = YES_ERROR;
				CLANG_WARN_RANGE_LOOP_ANALYSIS = YES;
				CLANG_WARN_STRICT_PROTOTYPES = YES;
				CLANG_WARN_SUSPICIOUS_MOVE = YES;
				CLANG_WARN_UNGUARDED_AVAILABILITY = YES_AGGRESSIVE;
				CLANG_WARN_UNREACHABLE_CODE = YES;
				CLANG_WARN__DUPLICATE_METHOD_MATCH = YES;
				COPY_PHASE_STRIP = NO;
				DEBUG_INFORMATION_FORMAT = dwarf;
				ENABLE_STRICT_OBJC_MSGSEND = YES;
				ENABLE_TESTABILITY = YES;
				GCC_C_LANGUAGE_STANDARD = gnu11;
				GCC_DYNAMIC_NO_PIC = NO;
				GCC_NO_COMMON_BLOCKS = YES;
				GCC_OPTIMIZATION_LEVEL = 0;
				GCC_PREPROCESSOR_DEFINITIONS = (
					"DEBUG=1",
					"$(inherited)",
				);
				GCC_WARN_64_TO_32_BIT_CONVERSION = YES;
				GCC_WARN_ABOUT_RETURN_TYPE = YES_ERROR;
				GCC_WARN_UNDECLARED_SELECTOR = YES;
				GCC_WARN_UNINITIALIZED_AUTOS = YES_AGGRESSIVE;
				GCC_WARN_UNUSED_FUNCTION = YES;
				GCC_WARN_UNUSED_VARIABLE = YES;
				IPHONEOS_DEPLOYMENT_TARGET = 13.2;
				MTL_ENABLE_DEBUG_INFO = INCLUDE_SOURCE;
				MTL_FAST_MATH = YES;
				ONLY_ACTIVE_ARCH = YES;
				SDKROOT = iphoneos;
			};
			name = Debug;
		};
		066D397B2430991200253DB4 /* Release */ = {
			isa = XCBuildConfiguration;
			buildSettings = {
				ALWAYS_SEARCH_USER_PATHS = NO;
				CLANG_ANALYZER_NONNULL = YES;
				CLANG_ANALYZER_NUMBER_OBJECT_CONVERSION = YES_AGGRESSIVE;
				CLANG_CXX_LANGUAGE_STANDARD = "gnu++14";
				CLANG_CXX_LIBRARY = "libc++";
				CLANG_ENABLE_MODULES = YES;
				CLANG_ENABLE_OBJC_ARC = YES;
				CLANG_ENABLE_OBJC_WEAK = YES;
				CLANG_WARN_BLOCK_CAPTURE_AUTORELEASING = YES;
				CLANG_WARN_BOOL_CONVERSION = YES;
				CLANG_WARN_COMMA = YES;
				CLANG_WARN_CONSTANT_CONVERSION = YES;
				CLANG_WARN_DEPRECATED_OBJC_IMPLEMENTATIONS = YES;
				CLANG_WARN_DIRECT_OBJC_ISA_USAGE = YES_ERROR;
				CLANG_WARN_DOCUMENTATION_COMMENTS = YES;
				CLANG_WARN_EMPTY_BODY = YES;
				CLANG_WARN_ENUM_CONVERSION = YES;
				CLANG_WARN_INFINITE_RECURSION = YES;
				CLANG_WARN_INT_CONVERSION = YES;
				CLANG_WARN_NON_LITERAL_NULL_CONVERSION = YES;
				CLANG_WARN_OBJC_IMPLICIT_RETAIN_SELF = YES;
				CLANG_WARN_OBJC_LITERAL_CONVERSION = YES;
				CLANG_WARN_OBJC_ROOT_CLASS = YES_ERROR;
				CLANG_WARN_RANGE_LOOP_ANALYSIS = YES;
				CLANG_WARN_STRICT_PROTOTYPES = YES;
				CLANG_WARN_SUSPICIOUS_MOVE = YES;
				CLANG_WARN_UNGUARDED_AVAILABILITY = YES_AGGRESSIVE;
				CLANG_WARN_UNREACHABLE_CODE = YES;
				CLANG_WARN__DUPLICATE_METHOD_MATCH = YES;
				COPY_PHASE_STRIP = NO;
				DEBUG_INFORMATION_FORMAT = "dwarf-with-dsym";
				ENABLE_NS_ASSERTIONS = NO;
				ENABLE_STRICT_OBJC_MSGSEND = YES;
				GCC_C_LANGUAGE_STANDARD = gnu11;
				GCC_NO_COMMON_BLOCKS = YES;
				GCC_WARN_64_TO_32_BIT_CONVERSION = YES;
				GCC_WARN_ABOUT_RETURN_TYPE = YES_ERROR;
				GCC_WARN_UNDECLARED_SELECTOR = YES;
				GCC_WARN_UNINITIALIZED_AUTOS = YES_AGGRESSIVE;
				GCC_WARN_UNUSED_FUNCTION = YES;
				GCC_WARN_UNUSED_VARIABLE = YES;
				IPHONEOS_DEPLOYMENT_TARGET = 13.2;
				MTL_ENABLE_DEBUG_INFO = NO;
				MTL_FAST_MATH = YES;
				SDKROOT = iphoneos;
				VALIDATE_PRODUCT = YES;
			};
			name = Release;
		};
		066D397D2430991200253DB4 /* Debug */ = {
			isa = XCBuildConfiguration;
			buildSettings = {
				ASSETCATALOG_COMPILER_APPICON_NAME = AppIcon;
				CODE_SIGN_STYLE = Automatic;
				DEVELOPMENT_TEAM = "";
				INFOPLIST_FILE = BWSwitchServer/Info.plist;
				IPHONEOS_DEPLOYMENT_TARGET = 13.0;
				LD_RUNPATH_SEARCH_PATHS = (
					"$(inherited)",
					"@executable_path/Frameworks",
				);
				PRODUCT_BUNDLE_IDENTIFIER = com.BTStudio.BWSwitchServer;
				PRODUCT_NAME = "$(TARGET_NAME)";
				TARGETED_DEVICE_FAMILY = "1,2";
			};
			name = Debug;
		};
		066D397E2430991200253DB4 /* Release */ = {
			isa = XCBuildConfiguration;
			buildSettings = {
				ASSETCATALOG_COMPILER_APPICON_NAME = AppIcon;
				CODE_SIGN_STYLE = Automatic;
				DEVELOPMENT_TEAM = "";
				INFOPLIST_FILE = BWSwitchServer/Info.plist;
				IPHONEOS_DEPLOYMENT_TARGET = 13.0;
				LD_RUNPATH_SEARCH_PATHS = (
					"$(inherited)",
					"@executable_path/Frameworks",
				);
				PRODUCT_BUNDLE_IDENTIFIER = com.BTStudio.BWSwitchServer;
				PRODUCT_NAME = "$(TARGET_NAME)";
				TARGETED_DEVICE_FAMILY = "1,2";
			};
			name = Release;
		};
/* End XCBuildConfiguration section */

/* Begin XCConfigurationList section */
		066D395E2430990F00253DB4 /* Build configuration list for PBXProject "BWSwitchServer" */ = {
			isa = XCConfigurationList;
			buildConfigurations = (
				066D397A2430991200253DB4 /* Debug */,
				066D397B2430991200253DB4 /* Release */,
			);
			defaultConfigurationIsVisible = 0;
			defaultConfigurationName = Release;
		};
		066D397C2430991200253DB4 /* Build configuration list for PBXNativeTarget "BWSwitchServer" */ = {
			isa = XCConfigurationList;
			buildConfigurations = (
				066D397D2430991200253DB4 /* Debug */,
				066D397E2430991200253DB4 /* Release */,
			);
			defaultConfigurationIsVisible = 0;
			defaultConfigurationName = Release;
		};
/* End XCConfigurationList section */
	};
	rootObject = 066D395B2430990F00253DB4 /* Project object */;
}
